
Microsoft Visual Studio Solution File, Format Version 12.00
# Visual Studio Version 17
VisualStudioVersion = 17.9.34902.65
MinimumVisualStudioVersion = 10.0.40219.1
Project("{9A19103F-16F7-4668-BE54-9A1E7A4F7556}") = "di", "FractalPainter\di.csproj", "{4B70F6B3-5C20-40D2-BFC9-D95C18D65DD6}"
EndProject
Project("{FAE04EC0-301F-11D3-BF4B-00C04F79EFBC}") = "TagCloudDI", "TagCloudDI\TagCloudDI.csproj", "{35C8F6C7-EBA5-49C4-B4FA-80429C56052B}"
EndProject
Project("{FAE04EC0-301F-11D3-BF4B-00C04F79EFBC}") = "TagCloudDITests", "TagCloudDITests\TagCloudDITests.csproj", "{546EB431-BF98-4662-9BA4-442FF64CFECA}"
EndProject
Global
	GlobalSection(SolutionConfigurationPlatforms) = preSolution
		Debug|Any CPU = Debug|Any CPU
		Release|Any CPU = Release|Any CPU
	EndGlobalSection
	GlobalSection(ProjectConfigurationPlatforms) = postSolution
		{4B70F6B3-5C20-40D2-BFC9-D95C18D65DD6}.Debug|Any CPU.ActiveCfg = Debug|Any CPU
		{4B70F6B3-5C20-40D2-BFC9-D95C18D65DD6}.Debug|Any CPU.Build.0 = Debug|Any CPU
		{4B70F6B3-5C20-40D2-BFC9-D95C18D65DD6}.Release|Any CPU.ActiveCfg = Release|Any CPU
		{4B70F6B3-5C20-40D2-BFC9-D95C18D65DD6}.Release|Any CPU.Build.0 = Release|Any CPU
		{35C8F6C7-EBA5-49C4-B4FA-80429C56052B}.Debug|Any CPU.ActiveCfg = Debug|Any CPU
		{35C8F6C7-EBA5-49C4-B4FA-80429C56052B}.Debug|Any CPU.Build.0 = Debug|Any CPU
		{35C8F6C7-EBA5-49C4-B4FA-80429C56052B}.Release|Any CPU.ActiveCfg = Release|Any CPU
		{35C8F6C7-EBA5-49C4-B4FA-80429C56052B}.Release|Any CPU.Build.0 = Release|Any CPU
		{546EB431-BF98-4662-9BA4-442FF64CFECA}.Debug|Any CPU.ActiveCfg = Debug|Any CPU
		{546EB431-BF98-4662-9BA4-442FF64CFECA}.Debug|Any CPU.Build.0 = Debug|Any CPU
		{546EB431-BF98-4662-9BA4-442FF64CFECA}.Release|Any CPU.ActiveCfg = Release|Any CPU
		{546EB431-BF98-4662-9BA4-442FF64CFECA}.Release|Any CPU.Build.0 = Release|Any CPU
	EndGlobalSection
	GlobalSection(SolutionProperties) = preSolution
		HideSolutionNode = FALSE
	EndGlobalSection
	GlobalSection(ExtensibilityGlobals) = postSolution
		SolutionGuid = {088C49D7-9ECF-4622-9618-8414234ECAF1}
	EndGlobalSection
EndGlobal
